<Solution>
  <Project Path="Demo.Api/Demo.Api.csproj" />
  <Project Path="Demo.Application/Demo.Application.csproj" />
  <Project Path="Demo.Domain/Demo.Domain.csproj" />
  <Project Path="Demo.Infrastructure/Demo.Infrastructure.csproj" />
  <Folder Name="/tests/">
    <Project Path="../tests/Demo.IntegrationTests/Demo.IntegrationTests.csproj" />
    <Project Path="../tests/Demo.UnitTests/Demo.UnitTests.csproj" />
  </Folder>
</Solution>
